
Microsoft Visual Studio Solution File, Format Version 12.00
# Visual Studio Version 17
VisualStudioVersion = 17.8.34525.116
MinimumVisualStudioVersion = 10.0.40219.1
Project("{9A19103F-16F7-4668-BE54-9A1E7A4F7556}") = "LoginForCalculator", "CalculatorWithWindowsForm\LoginForCalculator.csproj", "{87F58C45-EDE0-47D9-AD57-F3A4887DB375}"
EndProject
Project("{FAE04EC0-301F-11D3-BF4B-00C04F79EFBC}") = "Calculator", "Calculator\Calculator.csproj", "{3F085AC3-721F-4D34-8903-A3B5EF2A2B6B}"
EndProject
Global
	GlobalSection(SolutionConfigurationPlatforms) = preSolution
		Debug|Any CPU = Debug|Any CPU
		Release|Any CPU = Release|Any CPU
	EndGlobalSection
	GlobalSection(ProjectConfigurationPlatforms) = postSolution
		{87F58C45-EDE0-47D9-AD57-F3A4887DB375}.Debug|Any CPU.ActiveCfg = Debug|Any CPU
		{87F58C45-EDE0-47D9-AD57-F3A4887DB375}.Debug|Any CPU.Build.0 = Debug|Any CPU
		{87F58C45-EDE0-47D9-AD57-F3A4887DB375}.Release|Any CPU.ActiveCfg = Release|Any CPU
		{87F58C45-EDE0-47D9-AD57-F3A4887DB375}.Release|Any CPU.Build.0 = Release|Any CPU
		{3F085AC3-721F-4D34-8903-A3B5EF2A2B6B}.Debug|Any CPU.ActiveCfg = Debug|Any CPU
		{3F085AC3-721F-4D34-8903-A3B5EF2A2B6B}.Debug|Any CPU.Build.0 = Debug|Any CPU
		{3F085AC3-721F-4D34-8903-A3B5EF2A2B6B}.Release|Any CPU.ActiveCfg = Release|Any CPU
		{3F085AC3-721F-4D34-8903-A3B5EF2A2B6B}.Release|Any CPU.Build.0 = Release|Any CPU
	EndGlobalSection
	GlobalSection(SolutionProperties) = preSolution
		HideSolutionNode = FALSE
	EndGlobalSection
	GlobalSection(ExtensibilityGlobals) = postSolution
		SolutionGuid = {BDC731DA-2918-460F-9068-D554F5629CD6}
	EndGlobalSection
EndGlobal
